
Microsoft Visual Studio Solution File, Format Version 12.00
# Visual Studio Version 17
VisualStudioVersion = 17.8.34525.116
MinimumVisualStudioVersion = 10.0.40219.1
Project("{8BC9CEB8-8B4A-11D0-8D11-00A0C91BC942}") = "homework1_11.03.24", "homework1_11.03.24\homework1_11.03.24.vcxproj", "{1180D28C-C5D3-4D6A-867B-E813692EE19E}"
EndProject
Global
	GlobalSection(SolutionConfigurationPlatforms) = preSolution
		Debug|x64 = Debug|x64
		Debug|x86 = Debug|x86
		Release|x64 = Release|x64
		Release|x86 = Release|x86
	EndGlobalSection
	GlobalSection(ProjectConfigurationPlatforms) = postSolution
		{1180D28C-C5D3-4D6A-867B-E813692EE19E}.Debug|x64.ActiveCfg = Debug|x64
		{1180D28C-C5D3-4D6A-867B-E813692EE19E}.Debug|x64.Build.0 = Debug|x64
		{1180D28C-C5D3-4D6A-867B-E813692EE19E}.Debug|x86.ActiveCfg = Debug|Win32
		{1180D28C-C5D3-4D6A-867B-E813692EE19E}.Debug|x86.Build.0 = Debug|Win32
		{1180D28C-C5D3-4D6A-867B-E813692EE19E}.Release|x64.ActiveCfg = Release|x64
		{1180D28C-C5D3-4D6A-867B-E813692EE19E}.Release|x64.Build.0 = Release|x64
		{1180D28C-C5D3-4D6A-867B-E813692EE19E}.Release|x86.ActiveCfg = Release|Win32
		{1180D28C-C5D3-4D6A-867B-E813692EE19E}.Release|x86.Build.0 = Release|Win32
	EndGlobalSection
	GlobalSection(SolutionProperties) = preSolution
		HideSolutionNode = FALSE
	EndGlobalSection
	GlobalSection(ExtensibilityGlobals) = postSolution
		SolutionGuid = {8FDA8440-3699-44F7-9EBB-D0EFE5CCD8CA}
	EndGlobalSection
EndGlobal
